
Microsoft Visual Studio Solution File, Format Version 12.00
# Visual Studio 2012
Project("{FAE04EC0-301F-11D3-BF4B-00C04F79EFBC}") = "ToDoList", "ToDoList\ToDoList.csproj", "{AD51725B-6736-4A7E-AA25-D2848A0987CC}"
EndProject
Project("{FAE04EC0-301F-11D3-BF4B-00C04F79EFBC}") = "ToDoList.Tests", "ToDoList.Tests\ToDoList.Tests.csproj", "{D815A569-D626-4C23-8CC5-5D0AC73B72C9}"
EndProject
Global
	GlobalSection(SolutionConfigurationPlatforms) = preSolution
		Debug|Any CPU = Debug|Any CPU
		Release|Any CPU = Release|Any CPU
	EndGlobalSection
	GlobalSection(ProjectConfigurationPlatforms) = postSolution
		{AD51725B-6736-4A7E-AA25-D2848A0987CC}.Debug|Any CPU.ActiveCfg = Debug|Any CPU
		{AD51725B-6736-4A7E-AA25-D2848A0987CC}.Debug|Any CPU.Build.0 = Debug|Any CPU
		{AD51725B-6736-4A7E-AA25-D2848A0987CC}.Release|Any CPU.ActiveCfg = Release|Any CPU
		{AD51725B-6736-4A7E-AA25-D2848A0987CC}.Release|Any CPU.Build.0 = Release|Any CPU
		{D815A569-D626-4C23-8CC5-5D0AC73B72C9}.Debug|Any CPU.ActiveCfg = Debug|Any CPU
		{D815A569-D626-4C23-8CC5-5D0AC73B72C9}.Debug|Any CPU.Build.0 = Debug|Any CPU
		{D815A569-D626-4C23-8CC5-5D0AC73B72C9}.Release|Any CPU.ActiveCfg = Release|Any CPU
		{D815A569-D626-4C23-8CC5-5D0AC73B72C9}.Release|Any CPU.Build.0 = Release|Any CPU
	EndGlobalSection
	GlobalSection(SolutionProperties) = preSolution
		HideSolutionNode = FALSE
	EndGlobalSection
EndGlobal
