
Microsoft Visual Studio Solution File, Format Version 12.00
# Visual Studio 2012
Project("{FAE04EC0-301F-11D3-BF4B-00C04F79EFBC}") = "ToDoListD", "MySiteB\ToDoListD.csproj", "{BD53E4A5-B6B6-4F7F-A995-5100AB0801CD}"
EndProject
Project("{FAE04EC0-301F-11D3-BF4B-00C04F79EFBC}") = "ToDoListD.Tests", "MySiteB.Tests\ToDoListD.Tests.csproj", "{B87DDB86-2D89-43B0-9389-DB49743BD8CB}"
EndProject
Global
	GlobalSection(SolutionConfigurationPlatforms) = preSolution
		Debug|Any CPU = Debug|Any CPU
		Release|Any CPU = Release|Any CPU
	EndGlobalSection
	GlobalSection(ProjectConfigurationPlatforms) = postSolution
		{BD53E4A5-B6B6-4F7F-A995-5100AB0801CD}.Debug|Any CPU.ActiveCfg = Debug|Any CPU
		{BD53E4A5-B6B6-4F7F-A995-5100AB0801CD}.Debug|Any CPU.Build.0 = Debug|Any CPU
		{BD53E4A5-B6B6-4F7F-A995-5100AB0801CD}.Release|Any CPU.ActiveCfg = Release|Any CPU
		{BD53E4A5-B6B6-4F7F-A995-5100AB0801CD}.Release|Any CPU.Build.0 = Release|Any CPU
		{B87DDB86-2D89-43B0-9389-DB49743BD8CB}.Debug|Any CPU.ActiveCfg = Debug|Any CPU
		{B87DDB86-2D89-43B0-9389-DB49743BD8CB}.Debug|Any CPU.Build.0 = Debug|Any CPU
		{B87DDB86-2D89-43B0-9389-DB49743BD8CB}.Release|Any CPU.ActiveCfg = Release|Any CPU
		{B87DDB86-2D89-43B0-9389-DB49743BD8CB}.Release|Any CPU.Build.0 = Release|Any CPU
	EndGlobalSection
	GlobalSection(SolutionProperties) = preSolution
		HideSolutionNode = FALSE
	EndGlobalSection
EndGlobal
